// !$*UTF8*$!
{
	archiveVersion = 1;
	classes = {
	};
	objectVersion = 56;
	objects = {

/* Begin PBXBuildFile section */
		3A7F317B2BE84812007D9209 /* NubbleSwiftUIApp.swift in Sources */ = {isa = PBXBuildFile; fileRef = 3A7F317A2BE84812007D9209 /* NubbleSwiftUIApp.swift */; };
		3A7F317F2BE84813007D9209 /* Assets.xcassets in Resources */ = {isa = PBXBuildFile; fileRef = 3A7F317E2BE84813007D9209 /* Assets.xcassets */; };
		3A7F31822BE84813007D9209 /* Preview Assets.xcassets in Resources */ = {isa = PBXBuildFile; fileRef = 3A7F31812BE84813007D9209 /* Preview Assets.xcassets */; };
		3A7F31A32BE8487D007D9209 /* ApiError.swift in Sources */ = {isa = PBXBuildFile; fileRef = 3A7F31892BE8487D007D9209 /* ApiError.swift */; };
		3A7F31A42BE8487D007D9209 /* ApiManager.swift in Sources */ = {isa = PBXBuildFile; fileRef = 3A7F318A2BE8487D007D9209 /* ApiManager.swift */; };
		3A7F31A52BE8487D007D9209 /* PageParamsModel.swift in Sources */ = {isa = PBXBuildFile; fileRef = 3A7F318C2BE8487D007D9209 /* PageParamsModel.swift */; };
		3A7F31A62BE8487D007D9209 /* PageApiModel.swift in Sources */ = {isa = PBXBuildFile; fileRef = 3A7F318D2BE8487D007D9209 /* PageApiModel.swift */; };
		3A7F31A72BE8487D007D9209 /* ApiAdapter.swift in Sources */ = {isa = PBXBuildFile; fileRef = 3A7F318E2BE8487D007D9209 /* ApiAdapter.swift */; };
		3A7F31A82BE8487D007D9209 /* ApiEndpoint.swift in Sources */ = {isa = PBXBuildFile; fileRef = 3A7F318F2BE8487D007D9209 /* ApiEndpoint.swift */; };
		3A7F31A92BE8487D007D9209 /* PostService.swift in Sources */ = {isa = PBXBuildFile; fileRef = 3A7F31922BE8487D007D9209 /* PostService.swift */; };
		3A7F31AA2BE8487D007D9209 /* PostApiModel.swift in Sources */ = {isa = PBXBuildFile; fileRef = 3A7F31942BE8487D007D9209 /* PostApiModel.swift */; };
		3A7F31AB2BE8487D007D9209 /* PostModel.swift in Sources */ = {isa = PBXBuildFile; fileRef = 3A7F31952BE8487D007D9209 /* PostModel.swift */; };
		3A7F31AC2BE8487D007D9209 /* PostResponseApi.swift in Sources */ = {isa = PBXBuildFile; fileRef = 3A7F31962BE8487D007D9209 /* PostResponseApi.swift */; };
		3A7F31AD2BE8487D007D9209 /* PostApi.swift in Sources */ = {isa = PBXBuildFile; fileRef = 3A7F31972BE8487D007D9209 /* PostApi.swift */; };
		3A7F31AE2BE8487D007D9209 /* PostAdapter.swift in Sources */ = {isa = PBXBuildFile; fileRef = 3A7F31982BE8487D007D9209 /* PostAdapter.swift */; };
		3A7F31AF2BE8487D007D9209 /* UserApiModel.swift in Sources */ = {isa = PBXBuildFile; fileRef = 3A7F319B2BE8487D007D9209 /* UserApiModel.swift */; };
		3A7F31B02BE8487D007D9209 /* HomeScreenViewModel.swift in Sources */ = {isa = PBXBuildFile; fileRef = 3A7F319F2BE8487D007D9209 /* HomeScreenViewModel.swift */; };
		3A7F31B12BE8487D007D9209 /* HomeScreen.swift in Sources */ = {isa = PBXBuildFile; fileRef = 3A7F31A02BE8487D007D9209 /* HomeScreen.swift */; };
		3A7F31B22BE8487D007D9209 /* Pages.swift in Sources */ = {isa = PBXBuildFile; fileRef = 3A7F31A22BE8487D007D9209 /* Pages.swift */; };
		3A7F31B62BE84C3B007D9209 /* PostItemView.swift in Sources */ = {isa = PBXBuildFile; fileRef = 3A7F31B52BE84C3B007D9209 /* PostItemView.swift */; };
		3AC0DA002BE84FEB0001D9E3 /* RemoteImage.swift in Sources */ = {isa = PBXBuildFile; fileRef = 3AC0D9FF2BE84FEB0001D9E3 /* RemoteImage.swift */; };
		3AC0DA032BE851140001D9E3 /* ImageCache.swift in Sources */ = {isa = PBXBuildFile; fileRef = 3AC0DA022BE851140001D9E3 /* ImageCache.swift */; };
/* End PBXBuildFile section */

/* Begin PBXFileReference section */
		3A7F31772BE84812007D9209 /* NubbleSwiftUI.app */ = {isa = PBXFileReference; explicitFileType = wrapper.application; includeInIndex = 0; path = NubbleSwiftUI.app; sourceTree = BUILT_PRODUCTS_DIR; };
		3A7F317A2BE84812007D9209 /* NubbleSwiftUIApp.swift */ = {isa = PBXFileReference; lastKnownFileType = sourcecode.swift; path = NubbleSwiftUIApp.swift; sourceTree = "<group>"; };
		3A7F317E2BE84813007D9209 /* Assets.xcassets */ = {isa = PBXFileReference; lastKnownFileType = folder.assetcatalog; path = Assets.xcassets; sourceTree = "<group>"; };
		3A7F31812BE84813007D9209 /* Preview Assets.xcassets */ = {isa = PBXFileReference; lastKnownFileType = folder.assetcatalog; path = "Preview Assets.xcassets"; sourceTree = "<group>"; };
		3A7F31892BE8487D007D9209 /* ApiError.swift */ = {isa = PBXFileReference; fileEncoding = 4; lastKnownFileType = sourcecode.swift; path = ApiError.swift; sourceTree = "<group>"; };
		3A7F318A2BE8487D007D9209 /* ApiManager.swift */ = {isa = PBXFileReference; fileEncoding = 4; lastKnownFileType = sourcecode.swift; path = ApiManager.swift; sourceTree = "<group>"; };
		3A7F318C2BE8487D007D9209 /* PageParamsModel.swift */ = {isa = PBXFileReference; fileEncoding = 4; lastKnownFileType = sourcecode.swift; path = PageParamsModel.swift; sourceTree = "<group>"; };
		3A7F318D2BE8487D007D9209 /* PageApiModel.swift */ = {isa = PBXFileReference; fileEncoding = 4; lastKnownFileType = sourcecode.swift; path = PageApiModel.swift; sourceTree = "<group>"; };
		3A7F318E2BE8487D007D9209 /* ApiAdapter.swift */ = {isa = PBXFileReference; fileEncoding = 4; lastKnownFileType = sourcecode.swift; path = ApiAdapter.swift; sourceTree = "<group>"; };
		3A7F318F2BE8487D007D9209 /* ApiEndpoint.swift */ = {isa = PBXFileReference; fileEncoding = 4; lastKnownFileType = sourcecode.swift; path = ApiEndpoint.swift; sourceTree = "<group>"; };
		3A7F31922BE8487D007D9209 /* PostService.swift */ = {isa = PBXFileReference; fileEncoding = 4; lastKnownFileType = sourcecode.swift; path = PostService.swift; sourceTree = "<group>"; };
		3A7F31942BE8487D007D9209 /* PostApiModel.swift */ = {isa = PBXFileReference; fileEncoding = 4; lastKnownFileType = sourcecode.swift; path = PostApiModel.swift; sourceTree = "<group>"; };
		3A7F31952BE8487D007D9209 /* PostModel.swift */ = {isa = PBXFileReference; fileEncoding = 4; lastKnownFileType = sourcecode.swift; path = PostModel.swift; sourceTree = "<group>"; };
		3A7F31962BE8487D007D9209 /* PostResponseApi.swift */ = {isa = PBXFileReference; fileEncoding = 4; lastKnownFileType = sourcecode.swift; path = PostResponseApi.swift; sourceTree = "<group>"; };
		3A7F31972BE8487D007D9209 /* PostApi.swift */ = {isa = PBXFileReference; fileEncoding = 4; lastKnownFileType = sourcecode.swift; path = PostApi.swift; sourceTree = "<group>"; };
		3A7F31982BE8487D007D9209 /* PostAdapter.swift */ = {isa = PBXFileReference; fileEncoding = 4; lastKnownFileType = sourcecode.swift; path = PostAdapter.swift; sourceTree = "<group>"; };
		3A7F319B2BE8487D007D9209 /* UserApiModel.swift */ = {isa = PBXFileReference; fileEncoding = 4; lastKnownFileType = sourcecode.swift; path = UserApiModel.swift; sourceTree = "<group>"; };
		3A7F319F2BE8487D007D9209 /* HomeScreenViewModel.swift */ = {isa = PBXFileReference; fileEncoding = 4; lastKnownFileType = sourcecode.swift; path = HomeScreenViewModel.swift; sourceTree = "<group>"; };
		3A7F31A02BE8487D007D9209 /* HomeScreen.swift */ = {isa = PBXFileReference; fileEncoding = 4; lastKnownFileType = sourcecode.swift; path = HomeScreen.swift; sourceTree = "<group>"; };
		3A7F31A22BE8487D007D9209 /* Pages.swift */ = {isa = PBXFileReference; fileEncoding = 4; lastKnownFileType = sourcecode.swift; path = Pages.swift; sourceTree = "<group>"; };
		3A7F31B52BE84C3B007D9209 /* PostItemView.swift */ = {isa = PBXFileReference; lastKnownFileType = sourcecode.swift; path = PostItemView.swift; sourceTree = "<group>"; };
		3AC0D9FF2BE84FEB0001D9E3 /* RemoteImage.swift */ = {isa = PBXFileReference; lastKnownFileType = sourcecode.swift; path = RemoteImage.swift; sourceTree = "<group>"; };
		3AC0DA022BE851140001D9E3 /* ImageCache.swift */ = {isa = PBXFileReference; lastKnownFileType = sourcecode.swift; path = ImageCache.swift; sourceTree = "<group>"; };
/* End PBXFileReference section */

/* Begin PBXFrameworksBuildPhase section */
		3A7F31742BE84812007D9209 /* Frameworks */ = {
			isa = PBXFrameworksBuildPhase;
			buildActionMask = 2147483647;
			files = (
			);
			runOnlyForDeploymentPostprocessing = 0;
		};
/* End PBXFrameworksBuildPhase section */

/* Begin PBXGroup section */
		3A7F316E2BE84812007D9209 = {
			isa = PBXGroup;
			children = (
				3A7F31792BE84812007D9209 /* NubbleSwiftUI */,
				3A7F31782BE84812007D9209 /* Products */,
			);
			sourceTree = "<group>";
		};
		3A7F31782BE84812007D9209 /* Products */ = {
			isa = PBXGroup;
			children = (
				3A7F31772BE84812007D9209 /* NubbleSwiftUI.app */,
			);
			name = Products;
			sourceTree = "<group>";
		};
		3A7F31792BE84812007D9209 /* NubbleSwiftUI */ = {
			isa = PBXGroup;
			children = (
				3AC0DA012BE851000001D9E3 /* Utils */,
				3A7F31882BE8487D007D9209 /* Api */,
				3A7F31B32BE84B48007D9209 /* Views */,
				3A7F31902BE8487D007D9209 /* Domain */,
				3A7F31A12BE8487D007D9209 /* Models */,
				3A7F319C2BE8487D007D9209 /* Screens */,
				3A7F317A2BE84812007D9209 /* NubbleSwiftUIApp.swift */,
				3A7F317E2BE84813007D9209 /* Assets.xcassets */,
				3A7F31802BE84813007D9209 /* Preview Content */,
			);
			path = NubbleSwiftUI;
			sourceTree = "<group>";
		};
		3A7F31802BE84813007D9209 /* Preview Content */ = {
			isa = PBXGroup;
			children = (
				3A7F31812BE84813007D9209 /* Preview Assets.xcassets */,
			);
			path = "Preview Content";
			sourceTree = "<group>";
		};
		3A7F31882BE8487D007D9209 /* Api */ = {
			isa = PBXGroup;
			children = (
				3A7F31892BE8487D007D9209 /* ApiError.swift */,
				3A7F318A2BE8487D007D9209 /* ApiManager.swift */,
				3A7F318B2BE8487D007D9209 /* Models */,
				3A7F318E2BE8487D007D9209 /* ApiAdapter.swift */,
				3A7F318F2BE8487D007D9209 /* ApiEndpoint.swift */,
			);
			path = Api;
			sourceTree = "<group>";
		};
		3A7F318B2BE8487D007D9209 /* Models */ = {
			isa = PBXGroup;
			children = (
				3A7F318C2BE8487D007D9209 /* PageParamsModel.swift */,
				3A7F318D2BE8487D007D9209 /* PageApiModel.swift */,
			);
			path = Models;
			sourceTree = "<group>";
		};
		3A7F31902BE8487D007D9209 /* Domain */ = {
			isa = PBXGroup;
			children = (
				3A7F31912BE8487D007D9209 /* Post */,
				3A7F31992BE8487D007D9209 /* User */,
			);
			path = Domain;
			sourceTree = "<group>";
		};
		3A7F31912BE8487D007D9209 /* Post */ = {
			isa = PBXGroup;
			children = (
				3A7F31932BE8487D007D9209 /* Models */,
				3A7F31922BE8487D007D9209 /* PostService.swift */,
				3A7F31972BE8487D007D9209 /* PostApi.swift */,
				3A7F31982BE8487D007D9209 /* PostAdapter.swift */,
			);
			path = Post;
			sourceTree = "<group>";
		};
		3A7F31932BE8487D007D9209 /* Models */ = {
			isa = PBXGroup;
			children = (
				3A7F31942BE8487D007D9209 /* PostApiModel.swift */,
				3A7F31952BE8487D007D9209 /* PostModel.swift */,
				3A7F31962BE8487D007D9209 /* PostResponseApi.swift */,
			);
			path = Models;
			sourceTree = "<group>";
		};
		3A7F31992BE8487D007D9209 /* User */ = {
			isa = PBXGroup;
			children = (
				3A7F319A2BE8487D007D9209 /* Models */,
			);
			path = User;
			sourceTree = "<group>";
		};
		3A7F319A2BE8487D007D9209 /* Models */ = {
			isa = PBXGroup;
			children = (
				3A7F319B2BE8487D007D9209 /* UserApiModel.swift */,
			);
			path = Models;
			sourceTree = "<group>";
		};
		3A7F319C2BE8487D007D9209 /* Screens */ = {
			isa = PBXGroup;
			children = (
				3A7F319D2BE8487D007D9209 /* App */,
			);
			path = Screens;
			sourceTree = "<group>";
		};
		3A7F319D2BE8487D007D9209 /* App */ = {
			isa = PBXGroup;
			children = (
				3A7F319E2BE8487D007D9209 /* HomeScreen */,
			);
			path = App;
			sourceTree = "<group>";
		};
		3A7F319E2BE8487D007D9209 /* HomeScreen */ = {
			isa = PBXGroup;
			children = (
				3A7F319F2BE8487D007D9209 /* HomeScreenViewModel.swift */,
				3A7F31A02BE8487D007D9209 /* HomeScreen.swift */,
			);
			path = HomeScreen;
			sourceTree = "<group>";
		};
		3A7F31A12BE8487D007D9209 /* Models */ = {
			isa = PBXGroup;
			children = (
				3A7F31A22BE8487D007D9209 /* Pages.swift */,
			);
			path = Models;
			sourceTree = "<group>";
		};
		3A7F31B32BE84B48007D9209 /* Views */ = {
			isa = PBXGroup;
			children = (
				3AC0D9FE2BE84FE20001D9E3 /* RemoteImage */,
				3A7F31B42BE84B58007D9209 /* PostItemView */,
			);
			path = Views;
			sourceTree = "<group>";
		};
		3A7F31B42BE84B58007D9209 /* PostItemView */ = {
			isa = PBXGroup;
			children = (
				3A7F31B52BE84C3B007D9209 /* PostItemView.swift */,
			);
			path = PostItemView;
			sourceTree = "<group>";
		};
		3AC0D9FE2BE84FE20001D9E3 /* RemoteImage */ = {
			isa = PBXGroup;
			children = (
				3AC0D9FF2BE84FEB0001D9E3 /* RemoteImage.swift */,
			);
			path = RemoteImage;
			sourceTree = "<group>";
		};
		3AC0DA012BE851000001D9E3 /* Utils */ = {
			isa = PBXGroup;
			children = (
				3AC0DA022BE851140001D9E3 /* ImageCache.swift */,
			);
			path = Utils;
			sourceTree = "<group>";
		};
/* End PBXGroup section */

/* Begin PBXNativeTarget section */
		3A7F31762BE84812007D9209 /* NubbleSwiftUI */ = {
			isa = PBXNativeTarget;
			buildConfigurationList = 3A7F31852BE84813007D9209 /* Build configuration list for PBXNativeTarget "NubbleSwiftUI" */;
			buildPhases = (
				3A7F31732BE84812007D9209 /* Sources */,
				3A7F31742BE84812007D9209 /* Frameworks */,
				3A7F31752BE84812007D9209 /* Resources */,
			);
			buildRules = (
			);
			dependencies = (
			);
			name = NubbleSwiftUI;
			productName = NubbleSwiftUI;
			productReference = 3A7F31772BE84812007D9209 /* NubbleSwiftUI.app */;
			productType = "com.apple.product-type.application";
		};
/* End PBXNativeTarget section */

/* Begin PBXProject section */
		3A7F316F2BE84812007D9209 /* Project object */ = {
			isa = PBXProject;
			attributes = {
				BuildIndependentTargetsInParallel = 1;
				LastSwiftUpdateCheck = 1500;
				LastUpgradeCheck = 1500;
				TargetAttributes = {
					3A7F31762BE84812007D9209 = {
						CreatedOnToolsVersion = 15.0.1;
					};
				};
			};
			buildConfigurationList = 3A7F31722BE84812007D9209 /* Build configuration list for PBXProject "NubbleSwiftUI" */;
			compatibilityVersion = "Xcode 14.0";
			developmentRegion = en;
			hasScannedForEncodings = 0;
			knownRegions = (
				en,
				Base,
			);
			mainGroup = 3A7F316E2BE84812007D9209;
			productRefGroup = 3A7F31782BE84812007D9209 /* Products */;
			projectDirPath = "";
			projectRoot = "";
			targets = (
				3A7F31762BE84812007D9209 /* NubbleSwiftUI */,
			);
		};
/* End PBXProject section */

/* Begin PBXResourcesBuildPhase section */
		3A7F31752BE84812007D9209 /* Resources */ = {
			isa = PBXResourcesBuildPhase;
			buildActionMask = 2147483647;
			files = (
				3A7F31822BE84813007D9209 /* Preview Assets.xcassets in Resources */,
				3A7F317F2BE84813007D9209 /* Assets.xcassets in Resources */,
			);
			runOnlyForDeploymentPostprocessing = 0;
		};
/* End PBXResourcesBuildPhase section */

/* Begin PBXSourcesBuildPhase section */
		3A7F31732BE84812007D9209 /* Sources */ = {
			isa = PBXSourcesBuildPhase;
			buildActionMask = 2147483647;
			files = (
				3A7F31A42BE8487D007D9209 /* ApiManager.swift in Sources */,
				3A7F317B2BE84812007D9209 /* NubbleSwiftUIApp.swift in Sources */,
				3A7F31B02BE8487D007D9209 /* HomeScreenViewModel.swift in Sources */,
				3A7F31AC2BE8487D007D9209 /* PostResponseApi.swift in Sources */,
				3A7F31B12BE8487D007D9209 /* HomeScreen.swift in Sources */,
				3AC0DA002BE84FEB0001D9E3 /* RemoteImage.swift in Sources */,
				3A7F31B22BE8487D007D9209 /* Pages.swift in Sources */,
				3A7F31A32BE8487D007D9209 /* ApiError.swift in Sources */,
				3A7F31B62BE84C3B007D9209 /* PostItemView.swift in Sources */,
				3A7F31A52BE8487D007D9209 /* PageParamsModel.swift in Sources */,
				3AC0DA032BE851140001D9E3 /* ImageCache.swift in Sources */,
				3A7F31AF2BE8487D007D9209 /* UserApiModel.swift in Sources */,
				3A7F31A62BE8487D007D9209 /* PageApiModel.swift in Sources */,
				3A7F31A72BE8487D007D9209 /* ApiAdapter.swift in Sources */,
				3A7F31A92BE8487D007D9209 /* PostService.swift in Sources */,
				3A7F31AA2BE8487D007D9209 /* PostApiModel.swift in Sources */,
				3A7F31A82BE8487D007D9209 /* ApiEndpoint.swift in Sources */,
				3A7F31AD2BE8487D007D9209 /* PostApi.swift in Sources */,
				3A7F31AB2BE8487D007D9209 /* PostModel.swift in Sources */,
				3A7F31AE2BE8487D007D9209 /* PostAdapter.swift in Sources */,
			);
			runOnlyForDeploymentPostprocessing = 0;
		};
/* End PBXSourcesBuildPhase section */

/* Begin XCBuildConfiguration section */
		3A7F31832BE84813007D9209 /* Debug */ = {
			isa = XCBuildConfiguration;
			buildSettings = {
				ALWAYS_SEARCH_USER_PATHS = NO;
				ASSETCATALOG_COMPILER_GENERATE_SWIFT_ASSET_SYMBOL_EXTENSIONS = YES;
				CLANG_ANALYZER_NONNULL = YES;
				CLANG_ANALYZER_NUMBER_OBJECT_CONVERSION = YES_AGGRESSIVE;
				CLANG_CXX_LANGUAGE_STANDARD = "gnu++20";
				CLANG_ENABLE_MODULES = YES;
				CLANG_ENABLE_OBJC_ARC = YES;
				CLANG_ENABLE_OBJC_WEAK = YES;
				CLANG_WARN_BLOCK_CAPTURE_AUTORELEASING = YES;
				CLANG_WARN_BOOL_CONVERSION = YES;
				CLANG_WARN_COMMA = YES;
				CLANG_WARN_CONSTANT_CONVERSION = YES;
				CLANG_WARN_DEPRECATED_OBJC_IMPLEMENTATIONS = YES;
				CLANG_WARN_DIRECT_OBJC_ISA_USAGE = YES_ERROR;
				CLANG_WARN_DOCUMENTATION_COMMENTS = YES;
				CLANG_WARN_EMPTY_BODY = YES;
				CLANG_WARN_ENUM_CONVERSION = YES;
				CLANG_WARN_INFINITE_RECURSION = YES;
				CLANG_WARN_INT_CONVERSION = YES;
				CLANG_WARN_NON_LITERAL_NULL_CONVERSION = YES;
				CLANG_WARN_OBJC_IMPLICIT_RETAIN_SELF = YES;
				CLANG_WARN_OBJC_LITERAL_CONVERSION = YES;
				CLANG_WARN_OBJC_ROOT_CLASS = YES_ERROR;
				CLANG_WARN_QUOTED_INCLUDE_IN_FRAMEWORK_HEADER = YES;
				CLANG_WARN_RANGE_LOOP_ANALYSIS = YES;
				CLANG_WARN_STRICT_PROTOTYPES = YES;
				CLANG_WARN_SUSPICIOUS_MOVE = YES;
				CLANG_WARN_UNGUARDED_AVAILABILITY = YES_AGGRESSIVE;
				CLANG_WARN_UNREACHABLE_CODE = YES;
				CLANG_WARN__DUPLICATE_METHOD_MATCH = YES;
				COPY_PHASE_STRIP = NO;
				DEBUG_INFORMATION_FORMAT = dwarf;
				ENABLE_STRICT_OBJC_MSGSEND = YES;
				ENABLE_TESTABILITY = YES;
				ENABLE_USER_SCRIPT_SANDBOXING = YES;
				GCC_C_LANGUAGE_STANDARD = gnu17;
				GCC_DYNAMIC_NO_PIC = NO;
				GCC_NO_COMMON_BLOCKS = YES;
				GCC_OPTIMIZATION_LEVEL = 0;
				GCC_PREPROCESSOR_DEFINITIONS = (
					"DEBUG=1",
					"$(inherited)",
				);
				GCC_WARN_64_TO_32_BIT_CONVERSION = YES;
				GCC_WARN_ABOUT_RETURN_TYPE = YES_ERROR;
				GCC_WARN_UNDECLARED_SELECTOR = YES;
				GCC_WARN_UNINITIALIZED_AUTOS = YES_AGGRESSIVE;
				GCC_WARN_UNUSED_FUNCTION = YES;
				GCC_WARN_UNUSED_VARIABLE = YES;
				IPHONEOS_DEPLOYMENT_TARGET = 17.0;
				LOCALIZATION_PREFERS_STRING_CATALOGS = YES;
				MTL_ENABLE_DEBUG_INFO = INCLUDE_SOURCE;
				MTL_FAST_MATH = YES;
				ONLY_ACTIVE_ARCH = YES;
				SDKROOT = iphoneos;
				SWIFT_ACTIVE_COMPILATION_CONDITIONS = "DEBUG $(inherited)";
				SWIFT_OPTIMIZATION_LEVEL = "-Onone";
			};
			name = Debug;
		};
		3A7F31842BE84813007D9209 /* Release */ = {
			isa = XCBuildConfiguration;
			buildSettings = {
				ALWAYS_SEARCH_USER_PATHS = NO;
				ASSETCATALOG_COMPILER_GENERATE_SWIFT_ASSET_SYMBOL_EXTENSIONS = YES;
				CLANG_ANALYZER_NONNULL = YES;
				CLANG_ANALYZER_NUMBER_OBJECT_CONVERSION = YES_AGGRESSIVE;
				CLANG_CXX_LANGUAGE_STANDARD = "gnu++20";
				CLANG_ENABLE_MODULES = YES;
				CLANG_ENABLE_OBJC_ARC = YES;
				CLANG_ENABLE_OBJC_WEAK = YES;
				CLANG_WARN_BLOCK_CAPTURE_AUTORELEASING = YES;
				CLANG_WARN_BOOL_CONVERSION = YES;
				CLANG_WARN_COMMA = YES;
				CLANG_WARN_CONSTANT_CONVERSION = YES;
				CLANG_WARN_DEPRECATED_OBJC_IMPLEMENTATIONS = YES;
				CLANG_WARN_DIRECT_OBJC_ISA_USAGE = YES_ERROR;
				CLANG_WARN_DOCUMENTATION_COMMENTS = YES;
				CLANG_WARN_EMPTY_BODY = YES;
				CLANG_WARN_ENUM_CONVERSION = YES;
				CLANG_WARN_INFINITE_RECURSION = YES;
				CLANG_WARN_INT_CONVERSION = YES;
				CLANG_WARN_NON_LITERAL_NULL_CONVERSION = YES;
				CLANG_WARN_OBJC_IMPLICIT_RETAIN_SELF = YES;
				CLANG_WARN_OBJC_LITERAL_CONVERSION = YES;
				CLANG_WARN_OBJC_ROOT_CLASS = YES_ERROR;
				CLANG_WARN_QUOTED_INCLUDE_IN_FRAMEWORK_HEADER = YES;
				CLANG_WARN_RANGE_LOOP_ANALYSIS = YES;
				CLANG_WARN_STRICT_PROTOTYPES = YES;
				CLANG_WARN_SUSPICIOUS_MOVE = YES;
				CLANG_WARN_UNGUARDED_AVAILABILITY = YES_AGGRESSIVE;
				CLANG_WARN_UNREACHABLE_CODE = YES;
				CLANG_WARN__DUPLICATE_METHOD_MATCH = YES;
				COPY_PHASE_STRIP = NO;
				DEBUG_INFORMATION_FORMAT = "dwarf-with-dsym";
				ENABLE_NS_ASSERTIONS = NO;
				ENABLE_STRICT_OBJC_MSGSEND = YES;
				ENABLE_USER_SCRIPT_SANDBOXING = YES;
				GCC_C_LANGUAGE_STANDARD = gnu17;
				GCC_NO_COMMON_BLOCKS = YES;
				GCC_WARN_64_TO_32_BIT_CONVERSION = YES;
				GCC_WARN_ABOUT_RETURN_TYPE = YES_ERROR;
				GCC_WARN_UNDECLARED_SELECTOR = YES;
				GCC_WARN_UNINITIALIZED_AUTOS = YES_AGGRESSIVE;
				GCC_WARN_UNUSED_FUNCTION = YES;
				GCC_WARN_UNUSED_VARIABLE = YES;
				IPHONEOS_DEPLOYMENT_TARGET = 17.0;
				LOCALIZATION_PREFERS_STRING_CATALOGS = YES;
				MTL_ENABLE_DEBUG_INFO = NO;
				MTL_FAST_MATH = YES;
				SDKROOT = iphoneos;
				SWIFT_COMPILATION_MODE = wholemodule;
				VALIDATE_PRODUCT = YES;
			};
			name = Release;
		};
		3A7F31862BE84813007D9209 /* Debug */ = {
			isa = XCBuildConfiguration;
			buildSettings = {
				ASSETCATALOG_COMPILER_APPICON_NAME = AppIcon;
				ASSETCATALOG_COMPILER_GLOBAL_ACCENT_COLOR_NAME = AccentColor;
				CODE_SIGN_STYLE = Automatic;
				CURRENT_PROJECT_VERSION = 1;
				DEVELOPMENT_ASSET_PATHS = "\"NubbleSwiftUI/Preview Content\"";
				DEVELOPMENT_TEAM = PGFMQN9TL2;
				ENABLE_PREVIEWS = YES;
				GENERATE_INFOPLIST_FILE = YES;
				INFOPLIST_KEY_UIApplicationSceneManifest_Generation = YES;
				INFOPLIST_KEY_UIApplicationSupportsIndirectInputEvents = YES;
				INFOPLIST_KEY_UILaunchScreen_Generation = YES;
				INFOPLIST_KEY_UISupportedInterfaceOrientations_iPad = "UIInterfaceOrientationPortrait UIInterfaceOrientationPortraitUpsideDown UIInterfaceOrientationLandscapeLeft UIInterfaceOrientationLandscapeRight";
				INFOPLIST_KEY_UISupportedInterfaceOrientations_iPhone = "UIInterfaceOrientationPortrait UIInterfaceOrientationLandscapeLeft UIInterfaceOrientationLandscapeRight";
				LD_RUNPATH_SEARCH_PATHS = (
					"$(inherited)",
					"@executable_path/Frameworks",
				);
				MARKETING_VERSION = 1.0;
				PRODUCT_BUNDLE_IDENTIFIER = com.willperes.NubbleSwiftUI;
				PRODUCT_NAME = "$(TARGET_NAME)";
				SWIFT_EMIT_LOC_STRINGS = YES;
				SWIFT_VERSION = 5.0;
				TARGETED_DEVICE_FAMILY = "1,2";
			};
			name = Debug;
		};
		3A7F31872BE84813007D9209 /* Release */ = {
			isa = XCBuildConfiguration;
			buildSettings = {
				ASSETCATALOG_COMPILER_APPICON_NAME = AppIcon;
				ASSETCATALOG_COMPILER_GLOBAL_ACCENT_COLOR_NAME = AccentColor;
				CODE_SIGN_STYLE = Automatic;
				CURRENT_PROJECT_VERSION = 1;
				DEVELOPMENT_ASSET_PATHS = "\"NubbleSwiftUI/Preview Content\"";
				DEVELOPMENT_TEAM = PGFMQN9TL2;
				ENABLE_PREVIEWS = YES;
				GENERATE_INFOPLIST_FILE = YES;
				INFOPLIST_KEY_UIApplicationSceneManifest_Generation = YES;
				INFOPLIST_KEY_UIApplicationSupportsIndirectInputEvents = YES;
				INFOPLIST_KEY_UILaunchScreen_Generation = YES;
				INFOPLIST_KEY_UISupportedInterfaceOrientations_iPad = "UIInterfaceOrientationPortrait UIInterfaceOrientationPortraitUpsideDown UIInterfaceOrientationLandscapeLeft UIInterfaceOrientationLandscapeRight";
				INFOPLIST_KEY_UISupportedInterfaceOrientations_iPhone = "UIInterfaceOrientationPortrait UIInterfaceOrientationLandscapeLeft UIInterfaceOrientationLandscapeRight";
				LD_RUNPATH_SEARCH_PATHS = (
					"$(inherited)",
					"@executable_path/Frameworks",
				);
				MARKETING_VERSION = 1.0;
				PRODUCT_BUNDLE_IDENTIFIER = com.willperes.NubbleSwiftUI;
				PRODUCT_NAME = "$(TARGET_NAME)";
				SWIFT_EMIT_LOC_STRINGS = YES;
				SWIFT_VERSION = 5.0;
				TARGETED_DEVICE_FAMILY = "1,2";
			};
			name = Release;
		};
/* End XCBuildConfiguration section */

/* Begin XCConfigurationList section */
		3A7F31722BE84812007D9209 /* Build configuration list for PBXProject "NubbleSwiftUI" */ = {
			isa = XCConfigurationList;
			buildConfigurations = (
				3A7F31832BE84813007D9209 /* Debug */,
				3A7F31842BE84813007D9209 /* Release */,
			);
			defaultConfigurationIsVisible = 0;
			defaultConfigurationName = Release;
		};
		3A7F31852BE84813007D9209 /* Build configuration list for PBXNativeTarget "NubbleSwiftUI" */ = {
			isa = XCConfigurationList;
			buildConfigurations = (
				3A7F31862BE84813007D9209 /* Debug */,
				3A7F31872BE84813007D9209 /* Release */,
			);
			defaultConfigurationIsVisible = 0;
			defaultConfigurationName = Release;
		};
/* End XCConfigurationList section */
	};
	rootObject = 3A7F316F2BE84812007D9209 /* Project object */;
}
